// !$*UTF8*$!
{
	archiveVersion = 1;
	classes = {
	};
	objectVersion = 53;
	objects = {

/* Begin PBXBuildFile section */
		6A5190CB2452DAFE00728C15 /* SidedishTableViewHeader.xib in Resources */ = {isa = PBXBuildFile; fileRef = 6A5190CA2452DAFE00728C15 /* SidedishTableViewHeader.xib */; };
		6A720F262456D802002931F7 /* LoginViewController.swift in Sources */ = {isa = PBXBuildFile; fileRef = 6A720F252456D802002931F7 /* LoginViewController.swift */; };
		6A720F2824571269002931F7 /* ImageService.swift in Sources */ = {isa = PBXBuildFile; fileRef = 6A720F2724571269002931F7 /* ImageService.swift */; };
		6A87AA37244F14C80064D29A /* NetworkManager.swift in Sources */ = {isa = PBXBuildFile; fileRef = 6A87AA36244F14C80064D29A /* NetworkManager.swift */; };
		6A87AA39244F1E820064D29A /* SidedishUseCase.swift in Sources */ = {isa = PBXBuildFile; fileRef = 6A87AA38244F1E820064D29A /* SidedishUseCase.swift */; };
		6A87AA3B24501BF40064D29A /* Utility.swift in Sources */ = {isa = PBXBuildFile; fileRef = 6A87AA3A24501BF40064D29A /* Utility.swift */; };
		6A87AA3E245029D70064D29A /* SidedishTableViewHeader.swift in Sources */ = {isa = PBXBuildFile; fileRef = 6A87AA3C245029D70064D29A /* SidedishTableViewHeader.swift */; };
		6A87AA4124502BF40064D29A /* SidedishTableViewDelegate.swift in Sources */ = {isa = PBXBuildFile; fileRef = 6A87AA4024502BF40064D29A /* SidedishTableViewDelegate.swift */; };
		6ABBEE95244D7FC20030A2A9 /* AppDelegate.swift in Sources */ = {isa = PBXBuildFile; fileRef = 6ABBEE94244D7FC20030A2A9 /* AppDelegate.swift */; };
		6ABBEE97244D7FC20030A2A9 /* SceneDelegate.swift in Sources */ = {isa = PBXBuildFile; fileRef = 6ABBEE96244D7FC20030A2A9 /* SceneDelegate.swift */; };
		6ABBEE99244D7FC20030A2A9 /* MainViewController.swift in Sources */ = {isa = PBXBuildFile; fileRef = 6ABBEE98244D7FC20030A2A9 /* MainViewController.swift */; };
		6ABBEE9C244D7FC20030A2A9 /* Main.storyboard in Resources */ = {isa = PBXBuildFile; fileRef = 6ABBEE9A244D7FC20030A2A9 /* Main.storyboard */; };
		6ABBEE9E244D7FC30030A2A9 /* Assets.xcassets in Resources */ = {isa = PBXBuildFile; fileRef = 6ABBEE9D244D7FC30030A2A9 /* Assets.xcassets */; };
		6ABBEEA1244D7FC30030A2A9 /* LaunchScreen.storyboard in Resources */ = {isa = PBXBuildFile; fileRef = 6ABBEE9F244D7FC30030A2A9 /* LaunchScreen.storyboard */; };
		6ABBEEAC244D7FC30030A2A9 /* SidedishTests.swift in Sources */ = {isa = PBXBuildFile; fileRef = 6ABBEEAB244D7FC30030A2A9 /* SidedishTests.swift */; };
		6ABBEEBB244EDEFC0030A2A9 /* SideDishTableViewCell.swift in Sources */ = {isa = PBXBuildFile; fileRef = 6ABBEEB9244EDEFC0030A2A9 /* SideDishTableViewCell.swift */; };
		6ABBEEBC244EDEFC0030A2A9 /* SideDishTableViewCell.xib in Resources */ = {isa = PBXBuildFile; fileRef = 6ABBEEBA244EDEFC0030A2A9 /* SideDishTableViewCell.xib */; };
		6ABBEEBE244EFF080030A2A9 /* SidedishInfo.swift in Sources */ = {isa = PBXBuildFile; fileRef = 6ABBEEBD244EFF080030A2A9 /* SidedishInfo.swift */; };
		6ABBEEC0244F00660030A2A9 /* SidedishDataSource.swift in Sources */ = {isa = PBXBuildFile; fileRef = 6ABBEEBF244F00660030A2A9 /* SidedishDataSource.swift */; };
		7551F4F5DA6BDB180F22F275 /* libPods-SidedishTests.a in Frameworks */ = {isa = PBXBuildFile; fileRef = 14D193D4418B518E846DBD4F /* libPods-SidedishTests.a */; };
		D8B831A9DB3803819CA2449A /* libPods-Sidedish.a in Frameworks */ = {isa = PBXBuildFile; fileRef = B98E341DACF9095AA132E196 /* libPods-Sidedish.a */; };
/* End PBXBuildFile section */

/* Begin PBXContainerItemProxy section */
		6ABBEEA8244D7FC30030A2A9 /* PBXContainerItemProxy */ = {
			isa = PBXContainerItemProxy;
			containerPortal = 6ABBEE89244D7FC20030A2A9 /* Project object */;
			proxyType = 1;
			remoteGlobalIDString = 6ABBEE90244D7FC20030A2A9;
			remoteInfo = Sidedish;
		};
/* End PBXContainerItemProxy section */

/* Begin PBXFileReference section */
		0E7DB2080C8A5FCCCA353435 /* Pods-SidedishTests.debug.xcconfig */ = {isa = PBXFileReference; includeInIndex = 1; lastKnownFileType = text.xcconfig; name = "Pods-SidedishTests.debug.xcconfig"; path = "Target Support Files/Pods-SidedishTests/Pods-SidedishTests.debug.xcconfig"; sourceTree = "<group>"; };
		14D193D4418B518E846DBD4F /* libPods-SidedishTests.a */ = {isa = PBXFileReference; explicitFileType = archive.ar; includeInIndex = 0; path = "libPods-SidedishTests.a"; sourceTree = BUILT_PRODUCTS_DIR; };
		20F40D5EA5D2086B44806BA5 /* Pods-Sidedish.debug.xcconfig */ = {isa = PBXFileReference; includeInIndex = 1; lastKnownFileType = text.xcconfig; name = "Pods-Sidedish.debug.xcconfig"; path = "Target Support Files/Pods-Sidedish/Pods-Sidedish.debug.xcconfig"; sourceTree = "<group>"; };
		6A5190CA2452DAFE00728C15 /* SidedishTableViewHeader.xib */ = {isa = PBXFileReference; lastKnownFileType = file.xib; path = SidedishTableViewHeader.xib; sourceTree = "<group>"; };
		6A720F252456D802002931F7 /* LoginViewController.swift */ = {isa = PBXFileReference; lastKnownFileType = sourcecode.swift; path = LoginViewController.swift; sourceTree = "<group>"; };
		6A720F2724571269002931F7 /* ImageService.swift */ = {isa = PBXFileReference; lastKnownFileType = sourcecode.swift; path = ImageService.swift; sourceTree = "<group>"; };
		6A87AA36244F14C80064D29A /* NetworkManager.swift */ = {isa = PBXFileReference; lastKnownFileType = sourcecode.swift; path = NetworkManager.swift; sourceTree = "<group>"; };
		6A87AA38244F1E820064D29A /* SidedishUseCase.swift */ = {isa = PBXFileReference; lastKnownFileType = sourcecode.swift; path = SidedishUseCase.swift; sourceTree = "<group>"; };
		6A87AA3A24501BF40064D29A /* Utility.swift */ = {isa = PBXFileReference; lastKnownFileType = sourcecode.swift; path = Utility.swift; sourceTree = "<group>"; };
		6A87AA3C245029D70064D29A /* SidedishTableViewHeader.swift */ = {isa = PBXFileReference; lastKnownFileType = sourcecode.swift; path = SidedishTableViewHeader.swift; sourceTree = "<group>"; };
		6A87AA4024502BF40064D29A /* SidedishTableViewDelegate.swift */ = {isa = PBXFileReference; lastKnownFileType = sourcecode.swift; path = SidedishTableViewDelegate.swift; sourceTree = "<group>"; };
		6ABBEE91244D7FC20030A2A9 /* Sidedish.app */ = {isa = PBXFileReference; explicitFileType = wrapper.application; includeInIndex = 0; path = Sidedish.app; sourceTree = BUILT_PRODUCTS_DIR; };
		6ABBEE94244D7FC20030A2A9 /* AppDelegate.swift */ = {isa = PBXFileReference; lastKnownFileType = sourcecode.swift; path = AppDelegate.swift; sourceTree = "<group>"; };
		6ABBEE96244D7FC20030A2A9 /* SceneDelegate.swift */ = {isa = PBXFileReference; lastKnownFileType = sourcecode.swift; path = SceneDelegate.swift; sourceTree = "<group>"; };
		6ABBEE98244D7FC20030A2A9 /* MainViewController.swift */ = {isa = PBXFileReference; lastKnownFileType = sourcecode.swift; path = MainViewController.swift; sourceTree = "<group>"; };
		6ABBEE9B244D7FC20030A2A9 /* Base */ = {isa = PBXFileReference; lastKnownFileType = file.storyboard; name = Base; path = Base.lproj/Main.storyboard; sourceTree = "<group>"; };
		6ABBEE9D244D7FC30030A2A9 /* Assets.xcassets */ = {isa = PBXFileReference; lastKnownFileType = folder.assetcatalog; path = Assets.xcassets; sourceTree = "<group>"; };
		6ABBEEA0244D7FC30030A2A9 /* Base */ = {isa = PBXFileReference; lastKnownFileType = file.storyboard; name = Base; path = Base.lproj/LaunchScreen.storyboard; sourceTree = "<group>"; };
		6ABBEEA2244D7FC30030A2A9 /* Info.plist */ = {isa = PBXFileReference; lastKnownFileType = text.plist.xml; path = Info.plist; sourceTree = "<group>"; };
		6ABBEEA7244D7FC30030A2A9 /* SidedishTests.xctest */ = {isa = PBXFileReference; explicitFileType = wrapper.cfbundle; includeInIndex = 0; path = SidedishTests.xctest; sourceTree = BUILT_PRODUCTS_DIR; };
		6ABBEEAB244D7FC30030A2A9 /* SidedishTests.swift */ = {isa = PBXFileReference; lastKnownFileType = sourcecode.swift; path = SidedishTests.swift; sourceTree = "<group>"; };
		6ABBEEAD244D7FC30030A2A9 /* Info.plist */ = {isa = PBXFileReference; lastKnownFileType = text.plist.xml; path = Info.plist; sourceTree = "<group>"; };
		6ABBEEB9244EDEFC0030A2A9 /* SideDishTableViewCell.swift */ = {isa = PBXFileReference; lastKnownFileType = sourcecode.swift; path = SideDishTableViewCell.swift; sourceTree = "<group>"; };
		6ABBEEBA244EDEFC0030A2A9 /* SideDishTableViewCell.xib */ = {isa = PBXFileReference; lastKnownFileType = file.xib; path = SideDishTableViewCell.xib; sourceTree = "<group>"; };
		6ABBEEBD244EFF080030A2A9 /* SidedishInfo.swift */ = {isa = PBXFileReference; lastKnownFileType = sourcecode.swift; path = SidedishInfo.swift; sourceTree = "<group>"; };
		6ABBEEBF244F00660030A2A9 /* SidedishDataSource.swift */ = {isa = PBXFileReference; lastKnownFileType = sourcecode.swift; path = SidedishDataSource.swift; sourceTree = "<group>"; };
		A2548E2E43229380A3208802 /* Pods-SidedishTests.release.xcconfig */ = {isa = PBXFileReference; includeInIndex = 1; lastKnownFileType = text.xcconfig; name = "Pods-SidedishTests.release.xcconfig"; path = "Target Support Files/Pods-SidedishTests/Pods-SidedishTests.release.xcconfig"; sourceTree = "<group>"; };
		B98E341DACF9095AA132E196 /* libPods-Sidedish.a */ = {isa = PBXFileReference; explicitFileType = archive.ar; includeInIndex = 0; path = "libPods-Sidedish.a"; sourceTree = BUILT_PRODUCTS_DIR; };
		BE2CC5FE433304B0860F822A /* Pods-Sidedish.release.xcconfig */ = {isa = PBXFileReference; includeInIndex = 1; lastKnownFileType = text.xcconfig; name = "Pods-Sidedish.release.xcconfig"; path = "Target Support Files/Pods-Sidedish/Pods-Sidedish.release.xcconfig"; sourceTree = "<group>"; };
/* End PBXFileReference section */

/* Begin PBXFrameworksBuildPhase section */
		6ABBEE8E244D7FC20030A2A9 /* Frameworks */ = {
			isa = PBXFrameworksBuildPhase;
			buildActionMask = 2147483647;
			files = (
				D8B831A9DB3803819CA2449A /* libPods-Sidedish.a in Frameworks */,
			);
			runOnlyForDeploymentPostprocessing = 0;
		};
		6ABBEEA4244D7FC30030A2A9 /* Frameworks */ = {
			isa = PBXFrameworksBuildPhase;
			buildActionMask = 2147483647;
			files = (
				7551F4F5DA6BDB180F22F275 /* libPods-SidedishTests.a in Frameworks */,
			);
			runOnlyForDeploymentPostprocessing = 0;
		};
/* End PBXFrameworksBuildPhase section */

/* Begin PBXGroup section */
		1BCC2D5834A81D8AEC01C486 /* Frameworks */ = {
			isa = PBXGroup;
			children = (
				B98E341DACF9095AA132E196 /* libPods-Sidedish.a */,
				14D193D4418B518E846DBD4F /* libPods-SidedishTests.a */,
			);
			name = Frameworks;
			sourceTree = "<group>";
		};
		359066153C624ECC9F54868A /* Pods */ = {
			isa = PBXGroup;
			children = (
				20F40D5EA5D2086B44806BA5 /* Pods-Sidedish.debug.xcconfig */,
				BE2CC5FE433304B0860F822A /* Pods-Sidedish.release.xcconfig */,
				0E7DB2080C8A5FCCCA353435 /* Pods-SidedishTests.debug.xcconfig */,
				A2548E2E43229380A3208802 /* Pods-SidedishTests.release.xcconfig */,
			);
			path = Pods;
			sourceTree = "<group>";
		};
		6ABBEE88244D7FC20030A2A9 = {
			isa = PBXGroup;
			children = (
				6ABBEE93244D7FC20030A2A9 /* Sidedish */,
				6ABBEEAA244D7FC30030A2A9 /* SidedishTests */,
				6ABBEE92244D7FC20030A2A9 /* Products */,
				359066153C624ECC9F54868A /* Pods */,
				1BCC2D5834A81D8AEC01C486 /* Frameworks */,
			);
			sourceTree = "<group>";
		};
		6ABBEE92244D7FC20030A2A9 /* Products */ = {
			isa = PBXGroup;
			children = (
				6ABBEE91244D7FC20030A2A9 /* Sidedish.app */,
				6ABBEEA7244D7FC30030A2A9 /* SidedishTests.xctest */,
			);
			name = Products;
			sourceTree = "<group>";
		};
		6ABBEE93244D7FC20030A2A9 /* Sidedish */ = {
			isa = PBXGroup;
			children = (
				6ABBEEB8244EDE3A0030A2A9 /* Model */,
				6ABBEEB7244EDE350030A2A9 /* Controller */,
				6ABBEEB6244EDE300030A2A9 /* View */,
				6ABBEE94244D7FC20030A2A9 /* AppDelegate.swift */,
				6ABBEE96244D7FC20030A2A9 /* SceneDelegate.swift */,
				6ABBEE9A244D7FC20030A2A9 /* Main.storyboard */,
				6ABBEE9D244D7FC30030A2A9 /* Assets.xcassets */,
				6ABBEE9F244D7FC30030A2A9 /* LaunchScreen.storyboard */,
				6ABBEEA2244D7FC30030A2A9 /* Info.plist */,
				6A87AA3A24501BF40064D29A /* Utility.swift */,
			);
			path = Sidedish;
			sourceTree = "<group>";
		};
		6ABBEEAA244D7FC30030A2A9 /* SidedishTests */ = {
			isa = PBXGroup;
			children = (
				6ABBEEAB244D7FC30030A2A9 /* SidedishTests.swift */,
				6ABBEEAD244D7FC30030A2A9 /* Info.plist */,
			);
			path = SidedishTests;
			sourceTree = "<group>";
		};
		6ABBEEB6244EDE300030A2A9 /* View */ = {
			isa = PBXGroup;
			children = (
				6ABBEEBF244F00660030A2A9 /* SidedishDataSource.swift */,
				6ABBEEB9244EDEFC0030A2A9 /* SideDishTableViewCell.swift */,
				6ABBEEBA244EDEFC0030A2A9 /* SideDishTableViewCell.xib */,
				6A87AA3C245029D70064D29A /* SidedishTableViewHeader.swift */,
				6A5190CA2452DAFE00728C15 /* SidedishTableViewHeader.xib */,
				6A87AA4024502BF40064D29A /* SidedishTableViewDelegate.swift */,
			);
			path = View;
			sourceTree = "<group>";
		};
		6ABBEEB7244EDE350030A2A9 /* Controller */ = {
			isa = PBXGroup;
			children = (
				6ABBEE98244D7FC20030A2A9 /* MainViewController.swift */,
				6A720F252456D802002931F7 /* LoginViewController.swift */,
			);
			path = Controller;
			sourceTree = "<group>";
		};
		6ABBEEB8244EDE3A0030A2A9 /* Model */ = {
			isa = PBXGroup;
			children = (
				6ABBEEBD244EFF080030A2A9 /* SidedishInfo.swift */,
				6A87AA36244F14C80064D29A /* NetworkManager.swift */,
				6A87AA38244F1E820064D29A /* SidedishUseCase.swift */,
				6A720F2724571269002931F7 /* ImageService.swift */,
			);
			path = Model;
			sourceTree = "<group>";
		};
/* End PBXGroup section */

/* Begin PBXNativeTarget section */
		6ABBEE90244D7FC20030A2A9 /* Sidedish */ = {
			isa = PBXNativeTarget;
			buildConfigurationList = 6ABBEEB0244D7FC30030A2A9 /* Build configuration list for PBXNativeTarget "Sidedish" */;
			buildPhases = (
				50D6EEDF6AA44E00B5DD3CC3 /* [CP] Check Pods Manifest.lock */,
				6ABBEE8D244D7FC20030A2A9 /* Sources */,
				6ABBEE8E244D7FC20030A2A9 /* Frameworks */,
				6ABBEE8F244D7FC20030A2A9 /* Resources */,
			);
			buildRules = (
			);
			dependencies = (
			);
			name = Sidedish;
			productName = Sidedish;
			productReference = 6ABBEE91244D7FC20030A2A9 /* Sidedish.app */;
			productType = "com.apple.product-type.application";
		};
		6ABBEEA6244D7FC30030A2A9 /* SidedishTests */ = {
			isa = PBXNativeTarget;
			buildConfigurationList = 6ABBEEB3244D7FC30030A2A9 /* Build configuration list for PBXNativeTarget "SidedishTests" */;
			buildPhases = (
				5C5F9E1B82D359D01EABAA4C /* [CP] Check Pods Manifest.lock */,
				6ABBEEA3244D7FC30030A2A9 /* Sources */,
				6ABBEEA4244D7FC30030A2A9 /* Frameworks */,
				6ABBEEA5244D7FC30030A2A9 /* Resources */,
			);
			buildRules = (
			);
			dependencies = (
				6ABBEEA9244D7FC30030A2A9 /* PBXTargetDependency */,
			);
			name = SidedishTests;
			productName = SidedishTests;
			productReference = 6ABBEEA7244D7FC30030A2A9 /* SidedishTests.xctest */;
			productType = "com.apple.product-type.bundle.unit-test";
		};
/* End PBXNativeTarget section */

/* Begin PBXProject section */
		6ABBEE89244D7FC20030A2A9 /* Project object */ = {
			isa = PBXProject;
			attributes = {
				LastSwiftUpdateCheck = 1140;
				LastUpgradeCheck = 1140;
				ORGANIZATIONNAME = "dev-Lena";
				TargetAttributes = {
					6ABBEE90244D7FC20030A2A9 = {
						CreatedOnToolsVersion = 11.4.1;
					};
					6ABBEEA6244D7FC30030A2A9 = {
						CreatedOnToolsVersion = 11.4.1;
						TestTargetID = 6ABBEE90244D7FC20030A2A9;
					};
				};
			};
			buildConfigurationList = 6ABBEE8C244D7FC20030A2A9 /* Build configuration list for PBXProject "Sidedish" */;
			compatibilityVersion = "Xcode 11.4";
			developmentRegion = en;
			hasScannedForEncodings = 0;
			knownRegions = (
				en,
				Base,
			);
			mainGroup = 6ABBEE88244D7FC20030A2A9;
			productRefGroup = 6ABBEE92244D7FC20030A2A9 /* Products */;
			projectDirPath = "";
			projectRoot = "";
			targets = (
				6ABBEE90244D7FC20030A2A9 /* Sidedish */,
				6ABBEEA6244D7FC30030A2A9 /* SidedishTests */,
			);
		};
/* End PBXProject section */

/* Begin PBXResourcesBuildPhase section */
		6ABBEE8F244D7FC20030A2A9 /* Resources */ = {
			isa = PBXResourcesBuildPhase;
			buildActionMask = 2147483647;
			files = (
				6ABBEEA1244D7FC30030A2A9 /* LaunchScreen.storyboard in Resources */,
				6ABBEE9E244D7FC30030A2A9 /* Assets.xcassets in Resources */,
				6ABBEEBC244EDEFC0030A2A9 /* SideDishTableViewCell.xib in Resources */,
				6A5190CB2452DAFE00728C15 /* SidedishTableViewHeader.xib in Resources */,
				6ABBEE9C244D7FC20030A2A9 /* Main.storyboard in Resources */,
			);
			runOnlyForDeploymentPostprocessing = 0;
		};
		6ABBEEA5244D7FC30030A2A9 /* Resources */ = {
			isa = PBXResourcesBuildPhase;
			buildActionMask = 2147483647;
			files = (
			);
			runOnlyForDeploymentPostprocessing = 0;
		};
/* End PBXResourcesBuildPhase section */

/* Begin PBXShellScriptBuildPhase section */
		50D6EEDF6AA44E00B5DD3CC3 /* [CP] Check Pods Manifest.lock */ = {
			isa = PBXShellScriptBuildPhase;
			buildActionMask = 2147483647;
			files = (
			);
			inputFileListPaths = (
			);
			inputPaths = (
				"${PODS_PODFILE_DIR_PATH}/Podfile.lock",
				"${PODS_ROOT}/Manifest.lock",
			);
			name = "[CP] Check Pods Manifest.lock";
			outputFileListPaths = (
			);
			outputPaths = (
				"$(DERIVED_FILE_DIR)/Pods-Sidedish-checkManifestLockResult.txt",
			);
			runOnlyForDeploymentPostprocessing = 0;
			shellPath = /bin/sh;
			shellScript = "diff \"${PODS_PODFILE_DIR_PATH}/Podfile.lock\" \"${PODS_ROOT}/Manifest.lock\" > /dev/null\nif [ $? != 0 ] ; then\n    # print error to STDERR\n    echo \"error: The sandbox is not in sync with the Podfile.lock. Run 'pod install' or update your CocoaPods installation.\" >&2\n    exit 1\nfi\n# This output is used by Xcode 'outputs' to avoid re-running this script phase.\necho \"SUCCESS\" > \"${SCRIPT_OUTPUT_FILE_0}\"\n";
			showEnvVarsInLog = 0;
		};
		5C5F9E1B82D359D01EABAA4C /* [CP] Check Pods Manifest.lock */ = {
			isa = PBXShellScriptBuildPhase;
			buildActionMask = 2147483647;
			files = (
			);
			inputFileListPaths = (
			);
			inputPaths = (
				"${PODS_PODFILE_DIR_PATH}/Podfile.lock",
				"${PODS_ROOT}/Manifest.lock",
			);
			name = "[CP] Check Pods Manifest.lock";
			outputFileListPaths = (
			);
			outputPaths = (
				"$(DERIVED_FILE_DIR)/Pods-SidedishTests-checkManifestLockResult.txt",
			);
			runOnlyForDeploymentPostprocessing = 0;
			shellPath = /bin/sh;
			shellScript = "diff \"${PODS_PODFILE_DIR_PATH}/Podfile.lock\" \"${PODS_ROOT}/Manifest.lock\" > /dev/null\nif [ $? != 0 ] ; then\n    # print error to STDERR\n    echo \"error: The sandbox is not in sync with the Podfile.lock. Run 'pod install' or update your CocoaPods installation.\" >&2\n    exit 1\nfi\n# This output is used by Xcode 'outputs' to avoid re-running this script phase.\necho \"SUCCESS\" > \"${SCRIPT_OUTPUT_FILE_0}\"\n";
			showEnvVarsInLog = 0;
		};
/* End PBXShellScriptBuildPhase section */

/* Begin PBXSourcesBuildPhase section */
		6ABBEE8D244D7FC20030A2A9 /* Sources */ = {
			isa = PBXSourcesBuildPhase;
			buildActionMask = 2147483647;
			files = (
				6A720F262456D802002931F7 /* LoginViewController.swift in Sources */,
				6A87AA3B24501BF40064D29A /* Utility.swift in Sources */,
				6A720F2824571269002931F7 /* ImageService.swift in Sources */,
				6ABBEE99244D7FC20030A2A9 /* MainViewController.swift in Sources */,
				6ABBEEC0244F00660030A2A9 /* SidedishDataSource.swift in Sources */,
				6ABBEE95244D7FC20030A2A9 /* AppDelegate.swift in Sources */,
				6ABBEEBB244EDEFC0030A2A9 /* SideDishTableViewCell.swift in Sources */,
				6A87AA37244F14C80064D29A /* NetworkManager.swift in Sources */,
				6A87AA4124502BF40064D29A /* SidedishTableViewDelegate.swift in Sources */,
				6ABBEEBE244EFF080030A2A9 /* SidedishInfo.swift in Sources */,
				6ABBEE97244D7FC20030A2A9 /* SceneDelegate.swift in Sources */,
				6A87AA39244F1E820064D29A /* SidedishUseCase.swift in Sources */,
				6A87AA3E245029D70064D29A /* SidedishTableViewHeader.swift in Sources */,
			);
			runOnlyForDeploymentPostprocessing = 0;
		};
		6ABBEEA3244D7FC30030A2A9 /* Sources */ = {
			isa = PBXSourcesBuildPhase;
			buildActionMask = 2147483647;
			files = (
				6ABBEEAC244D7FC30030A2A9 /* SidedishTests.swift in Sources */,
			);
			runOnlyForDeploymentPostprocessing = 0;
		};
/* End PBXSourcesBuildPhase section */

/* Begin PBXTargetDependency section */
		6ABBEEA9244D7FC30030A2A9 /* PBXTargetDependency */ = {
			isa = PBXTargetDependency;
			target = 6ABBEE90244D7FC20030A2A9 /* Sidedish */;
			targetProxy = 6ABBEEA8244D7FC30030A2A9 /* PBXContainerItemProxy */;
		};
/* End PBXTargetDependency section */

/* Begin PBXVariantGroup section */
		6ABBEE9A244D7FC20030A2A9 /* Main.storyboard */ = {
			isa = PBXVariantGroup;
			children = (
				6ABBEE9B244D7FC20030A2A9 /* Base */,
			);
			name = Main.storyboard;
			sourceTree = "<group>";
		};
		6ABBEE9F244D7FC30030A2A9 /* LaunchScreen.storyboard */ = {
			isa = PBXVariantGroup;
			children = (
				6ABBEEA0244D7FC30030A2A9 /* Base */,
			);
			name = LaunchScreen.storyboard;
			sourceTree = "<group>";
		};
/* End PBXVariantGroup section */

/* Begin XCBuildConfiguration section */
		6ABBEEAE244D7FC30030A2A9 /* Debug */ = {
			isa = XCBuildConfiguration;
			buildSettings = {
				ALWAYS_SEARCH_USER_PATHS = NO;
				CLANG_ANALYZER_NONNULL = YES;
				CLANG_ANALYZER_NUMBER_OBJECT_CONVERSION = YES_AGGRESSIVE;
				CLANG_CXX_LANGUAGE_STANDARD = "gnu++14";
				CLANG_CXX_LIBRARY = "libc++";
				CLANG_ENABLE_MODULES = YES;
				CLANG_ENABLE_OBJC_ARC = YES;
				CLANG_ENABLE_OBJC_WEAK = YES;
				CLANG_WARN_BLOCK_CAPTURE_AUTORELEASING = YES;
				CLANG_WARN_BOOL_CONVERSION = YES;
				CLANG_WARN_COMMA = YES;
				CLANG_WARN_CONSTANT_CONVERSION = YES;
				CLANG_WARN_DEPRECATED_OBJC_IMPLEMENTATIONS = YES;
				CLANG_WARN_DIRECT_OBJC_ISA_USAGE = YES_ERROR;
				CLANG_WARN_DOCUMENTATION_COMMENTS = YES;
				CLANG_WARN_EMPTY_BODY = YES;
				CLANG_WARN_ENUM_CONVERSION = YES;
				CLANG_WARN_INFINITE_RECURSION = YES;
				CLANG_WARN_INT_CONVERSION = YES;
				CLANG_WARN_NON_LITERAL_NULL_CONVERSION = YES;
				CLANG_WARN_OBJC_IMPLICIT_RETAIN_SELF = YES;
				CLANG_WARN_OBJC_LITERAL_CONVERSION = YES;
				CLANG_WARN_OBJC_ROOT_CLASS = YES_ERROR;
				CLANG_WARN_RANGE_LOOP_ANALYSIS = YES;
				CLANG_WARN_STRICT_PROTOTYPES = YES;
				CLANG_WARN_SUSPICIOUS_MOVE = YES;
				CLANG_WARN_UNGUARDED_AVAILABILITY = YES_AGGRESSIVE;
				CLANG_WARN_UNREACHABLE_CODE = YES;
				CLANG_WARN__DUPLICATE_METHOD_MATCH = YES;
				COPY_PHASE_STRIP = NO;
				DEBUG_INFORMATION_FORMAT = dwarf;
				ENABLE_STRICT_OBJC_MSGSEND = YES;
				ENABLE_TESTABILITY = YES;
				GCC_C_LANGUAGE_STANDARD = gnu11;
				GCC_DYNAMIC_NO_PIC = NO;
				GCC_NO_COMMON_BLOCKS = YES;
				GCC_OPTIMIZATION_LEVEL = 0;
				GCC_PREPROCESSOR_DEFINITIONS = (
					"DEBUG=1",
					"$(inherited)",
				);
				GCC_WARN_64_TO_32_BIT_CONVERSION = YES;
				GCC_WARN_ABOUT_RETURN_TYPE = YES_ERROR;
				GCC_WARN_UNDECLARED_SELECTOR = YES;
				GCC_WARN_UNINITIALIZED_AUTOS = YES_AGGRESSIVE;
				GCC_WARN_UNUSED_FUNCTION = YES;
				GCC_WARN_UNUSED_VARIABLE = YES;
				IPHONEOS_DEPLOYMENT_TARGET = 13.4;
				MTL_ENABLE_DEBUG_INFO = INCLUDE_SOURCE;
				MTL_FAST_MATH = YES;
				ONLY_ACTIVE_ARCH = YES;
				SDKROOT = iphoneos;
				SWIFT_ACTIVE_COMPILATION_CONDITIONS = DEBUG;
				SWIFT_OPTIMIZATION_LEVEL = "-Onone";
			};
			name = Debug;
		};
		6ABBEEAF244D7FC30030A2A9 /* Release */ = {
			isa = XCBuildConfiguration;
			buildSettings = {
				ALWAYS_SEARCH_USER_PATHS = NO;
				CLANG_ANALYZER_NONNULL = YES;
				CLANG_ANALYZER_NUMBER_OBJECT_CONVERSION = YES_AGGRESSIVE;
				CLANG_CXX_LANGUAGE_STANDARD = "gnu++14";
				CLANG_CXX_LIBRARY = "libc++";
				CLANG_ENABLE_MODULES = YES;
				CLANG_ENABLE_OBJC_ARC = YES;
				CLANG_ENABLE_OBJC_WEAK = YES;
				CLANG_WARN_BLOCK_CAPTURE_AUTORELEASING = YES;
				CLANG_WARN_BOOL_CONVERSION = YES;
				CLANG_WARN_COMMA = YES;
				CLANG_WARN_CONSTANT_CONVERSION = YES;
				CLANG_WARN_DEPRECATED_OBJC_IMPLEMENTATIONS = YES;
				CLANG_WARN_DIRECT_OBJC_ISA_USAGE = YES_ERROR;
				CLANG_WARN_DOCUMENTATION_COMMENTS = YES;
				CLANG_WARN_EMPTY_BODY = YES;
				CLANG_WARN_ENUM_CONVERSION = YES;
				CLANG_WARN_INFINITE_RECURSION = YES;
				CLANG_WARN_INT_CONVERSION = YES;
				CLANG_WARN_NON_LITERAL_NULL_CONVERSION = YES;
				CLANG_WARN_OBJC_IMPLICIT_RETAIN_SELF = YES;
				CLANG_WARN_OBJC_LITERAL_CONVERSION = YES;
				CLANG_WARN_OBJC_ROOT_CLASS = YES_ERROR;
				CLANG_WARN_RANGE_LOOP_ANALYSIS = YES;
				CLANG_WARN_STRICT_PROTOTYPES = YES;
				CLANG_WARN_SUSPICIOUS_MOVE = YES;
				CLANG_WARN_UNGUARDED_AVAILABILITY = YES_AGGRESSIVE;
				CLANG_WARN_UNREACHABLE_CODE = YES;
				CLANG_WARN__DUPLICATE_METHOD_MATCH = YES;
				COPY_PHASE_STRIP = NO;
				DEBUG_INFORMATION_FORMAT = "dwarf-with-dsym";
				ENABLE_NS_ASSERTIONS = NO;
				ENABLE_STRICT_OBJC_MSGSEND = YES;
				GCC_C_LANGUAGE_STANDARD = gnu11;
				GCC_NO_COMMON_BLOCKS = YES;
				GCC_WARN_64_TO_32_BIT_CONVERSION = YES;
				GCC_WARN_ABOUT_RETURN_TYPE = YES_ERROR;
				GCC_WARN_UNDECLARED_SELECTOR = YES;
				GCC_WARN_UNINITIALIZED_AUTOS = YES_AGGRESSIVE;
				GCC_WARN_UNUSED_FUNCTION = YES;
				GCC_WARN_UNUSED_VARIABLE = YES;
				IPHONEOS_DEPLOYMENT_TARGET = 13.4;
				MTL_ENABLE_DEBUG_INFO = NO;
				MTL_FAST_MATH = YES;
				SDKROOT = iphoneos;
				SWIFT_COMPILATION_MODE = wholemodule;
				SWIFT_OPTIMIZATION_LEVEL = "-O";
				VALIDATE_PRODUCT = YES;
			};
			name = Release;
		};
		6ABBEEB1244D7FC30030A2A9 /* Debug */ = {
			isa = XCBuildConfiguration;
			baseConfigurationReference = 20F40D5EA5D2086B44806BA5 /* Pods-Sidedish.debug.xcconfig */;
			buildSettings = {
				ASSETCATALOG_COMPILER_APPICON_NAME = AppIcon;
				CODE_SIGN_STYLE = Automatic;
				DEVELOPMENT_TEAM = 93A6S4WHC4;
				INFOPLIST_FILE = Sidedish/Info.plist;
				LD_RUNPATH_SEARCH_PATHS = (
					"$(inherited)",
					"@executable_path/Frameworks",
				);
				PRODUCT_BUNDLE_IDENTIFIER = "-.Sidedish";
				PRODUCT_NAME = "$(TARGET_NAME)";
				SWIFT_VERSION = 5.0;
				TARGETED_DEVICE_FAMILY = "1,2";
			};
			name = Debug;
		};
		6ABBEEB2244D7FC30030A2A9 /* Release */ = {
			isa = XCBuildConfiguration;
			baseConfigurationReference = BE2CC5FE433304B0860F822A /* Pods-Sidedish.release.xcconfig */;
			buildSettings = {
				ASSETCATALOG_COMPILER_APPICON_NAME = AppIcon;
				CODE_SIGN_STYLE = Automatic;
				DEVELOPMENT_TEAM = 93A6S4WHC4;
				INFOPLIST_FILE = Sidedish/Info.plist;
				LD_RUNPATH_SEARCH_PATHS = (
					"$(inherited)",
					"@executable_path/Frameworks",
				);
				PRODUCT_BUNDLE_IDENTIFIER = "-.Sidedish";
				PRODUCT_NAME = "$(TARGET_NAME)";
				SWIFT_VERSION = 5.0;
				TARGETED_DEVICE_FAMILY = "1,2";
			};
			name = Release;
		};
		6ABBEEB4244D7FC30030A2A9 /* Debug */ = {
			isa = XCBuildConfiguration;
			baseConfigurationReference = 0E7DB2080C8A5FCCCA353435 /* Pods-SidedishTests.debug.xcconfig */;
			buildSettings = {
				ALWAYS_EMBED_SWIFT_STANDARD_LIBRARIES = YES;
				BUNDLE_LOADER = "$(TEST_HOST)";
				CODE_SIGN_STYLE = Automatic;
				DEVELOPMENT_TEAM = 93A6S4WHC4;
				INFOPLIST_FILE = SidedishTests/Info.plist;
				IPHONEOS_DEPLOYMENT_TARGET = 13.4;
				LD_RUNPATH_SEARCH_PATHS = (
					"$(inherited)",
					"@executable_path/Frameworks",
					"@loader_path/Frameworks",
				);
				PRODUCT_BUNDLE_IDENTIFIER = "-.SidedishTests";
				PRODUCT_NAME = "$(TARGET_NAME)";
				SWIFT_VERSION = 5.0;
				TARGETED_DEVICE_FAMILY = "1,2";
				TEST_HOST = "$(BUILT_PRODUCTS_DIR)/Sidedish.app/Sidedish";
			};
			name = Debug;
		};
		6ABBEEB5244D7FC30030A2A9 /* Release */ = {
			isa = XCBuildConfiguration;
			baseConfigurationReference = A2548E2E43229380A3208802 /* Pods-SidedishTests.release.xcconfig */;
			buildSettings = {
				ALWAYS_EMBED_SWIFT_STANDARD_LIBRARIES = YES;
				BUNDLE_LOADER = "$(TEST_HOST)";
				CODE_SIGN_STYLE = Automatic;
				DEVELOPMENT_TEAM = 93A6S4WHC4;
				INFOPLIST_FILE = SidedishTests/Info.plist;
				IPHONEOS_DEPLOYMENT_TARGET = 13.4;
				LD_RUNPATH_SEARCH_PATHS = (
					"$(inherited)",
					"@executable_path/Frameworks",
					"@loader_path/Frameworks",
				);
				PRODUCT_BUNDLE_IDENTIFIER = "-.SidedishTests";
				PRODUCT_NAME = "$(TARGET_NAME)";
				SWIFT_VERSION = 5.0;
				TARGETED_DEVICE_FAMILY = "1,2";
				TEST_HOST = "$(BUILT_PRODUCTS_DIR)/Sidedish.app/Sidedish";
			};
			name = Release;
		};
/* End XCBuildConfiguration section */

/* Begin XCConfigurationList section */
		6ABBEE8C244D7FC20030A2A9 /* Build configuration list for PBXProject "Sidedish" */ = {
			isa = XCConfigurationList;
			buildConfigurations = (
				6ABBEEAE244D7FC30030A2A9 /* Debug */,
				6ABBEEAF244D7FC30030A2A9 /* Release */,
			);
			defaultConfigurationIsVisible = 0;
			defaultConfigurationName = Release;
		};
		6ABBEEB0244D7FC30030A2A9 /* Build configuration list for PBXNativeTarget "Sidedish" */ = {
			isa = XCConfigurationList;
			buildConfigurations = (
				6ABBEEB1244D7FC30030A2A9 /* Debug */,
				6ABBEEB2244D7FC30030A2A9 /* Release */,
			);
			defaultConfigurationIsVisible = 0;
			defaultConfigurationName = Release;
		};
		6ABBEEB3244D7FC30030A2A9 /* Build configuration list for PBXNativeTarget "SidedishTests" */ = {
			isa = XCConfigurationList;
			buildConfigurations = (
				6ABBEEB4244D7FC30030A2A9 /* Debug */,
				6ABBEEB5244D7FC30030A2A9 /* Release */,
			);
			defaultConfigurationIsVisible = 0;
			defaultConfigurationName = Release;
		};
/* End XCConfigurationList section */
	};
	rootObject = 6ABBEE89244D7FC20030A2A9 /* Project object */;
}
